
Microsoft Visual Studio Solution File, Format Version 12.00
# Visual Studio 14
VisualStudioVersion = 14.0.23107.0
MinimumVisualStudioVersion = 10.0.40219.1
Project("{FAE04EC0-301F-11D3-BF4B-00C04F79EFBC}") = "Administration", "AdminMovieShop\Administration.csproj", "{C4BE1768-79DA-4200-B915-EC5C678DF05E}"
EndProject
Project("{FAE04EC0-301F-11D3-BF4B-00C04F79EFBC}") = "Shop", "Shop\Shop.csproj", "{5F19BF1D-2A86-4F38-8544-950285E5A4FA}"
EndProject
<<<<<<< HEAD
Project("{FAE04EC0-301F-11D3-BF4B-00C04F79EFBC}") = "MovieShopGateway", "MovieShopGateway\MovieShopGateway.csproj", "{29682C7B-18C2-4091-B0E0-635A343B51E0}"
EndProject
Project("{FAE04EC0-301F-11D3-BF4B-00C04F79EFBC}") = "DomainModel", "DomainModel\DomainModel.csproj", "{A248E1DF-7A11-44E3-86EA-D444981A4977}"
=======
Project("{FAE04EC0-301F-11D3-BF4B-00C04F79EFBC}") = "TestCurrencyConverter", "TestCurrencyConverter\TestCurrencyConverter.csproj", "{ED6FDF59-B0D9-48BE-BE9B-905A28BFE5AF}"
>>>>>>> dae33d75b31f1a7381e41d3440ba6454ec297937
EndProject
Global
	GlobalSection(SolutionConfigurationPlatforms) = preSolution
		Debug|Any CPU = Debug|Any CPU
		Release|Any CPU = Release|Any CPU
	EndGlobalSection
	GlobalSection(ProjectConfigurationPlatforms) = postSolution
		{C4BE1768-79DA-4200-B915-EC5C678DF05E}.Debug|Any CPU.ActiveCfg = Debug|Any CPU
		{C4BE1768-79DA-4200-B915-EC5C678DF05E}.Debug|Any CPU.Build.0 = Debug|Any CPU
		{C4BE1768-79DA-4200-B915-EC5C678DF05E}.Release|Any CPU.ActiveCfg = Release|Any CPU
		{C4BE1768-79DA-4200-B915-EC5C678DF05E}.Release|Any CPU.Build.0 = Release|Any CPU
		{5F19BF1D-2A86-4F38-8544-950285E5A4FA}.Debug|Any CPU.ActiveCfg = Debug|Any CPU
		{5F19BF1D-2A86-4F38-8544-950285E5A4FA}.Debug|Any CPU.Build.0 = Debug|Any CPU
		{5F19BF1D-2A86-4F38-8544-950285E5A4FA}.Release|Any CPU.ActiveCfg = Release|Any CPU
		{5F19BF1D-2A86-4F38-8544-950285E5A4FA}.Release|Any CPU.Build.0 = Release|Any CPU
<<<<<<< HEAD
		{29682C7B-18C2-4091-B0E0-635A343B51E0}.Debug|Any CPU.ActiveCfg = Debug|Any CPU
		{29682C7B-18C2-4091-B0E0-635A343B51E0}.Debug|Any CPU.Build.0 = Debug|Any CPU
		{29682C7B-18C2-4091-B0E0-635A343B51E0}.Release|Any CPU.ActiveCfg = Release|Any CPU
		{29682C7B-18C2-4091-B0E0-635A343B51E0}.Release|Any CPU.Build.0 = Release|Any CPU
		{A248E1DF-7A11-44E3-86EA-D444981A4977}.Debug|Any CPU.ActiveCfg = Debug|Any CPU
		{A248E1DF-7A11-44E3-86EA-D444981A4977}.Debug|Any CPU.Build.0 = Debug|Any CPU
		{A248E1DF-7A11-44E3-86EA-D444981A4977}.Release|Any CPU.ActiveCfg = Release|Any CPU
		{A248E1DF-7A11-44E3-86EA-D444981A4977}.Release|Any CPU.Build.0 = Release|Any CPU
=======
		{ED6FDF59-B0D9-48BE-BE9B-905A28BFE5AF}.Debug|Any CPU.ActiveCfg = Debug|Any CPU
		{ED6FDF59-B0D9-48BE-BE9B-905A28BFE5AF}.Debug|Any CPU.Build.0 = Debug|Any CPU
		{ED6FDF59-B0D9-48BE-BE9B-905A28BFE5AF}.Release|Any CPU.ActiveCfg = Release|Any CPU
		{ED6FDF59-B0D9-48BE-BE9B-905A28BFE5AF}.Release|Any CPU.Build.0 = Release|Any CPU
>>>>>>> dae33d75b31f1a7381e41d3440ba6454ec297937
	EndGlobalSection
	GlobalSection(SolutionProperties) = preSolution
		HideSolutionNode = FALSE
	EndGlobalSection
EndGlobal
